
Microsoft Visual Studio Solution File, Format Version 12.00
# Visual Studio Version 17
VisualStudioVersion = 17.0.32112.339
MinimumVisualStudioVersion = 10.0.40219.1
Project("{9A19103F-16F7-4668-BE54-9A1E7A4F7556}") = "Exercice1", "ClientRest\Exercice1.csproj", "{CCDEE397-9A21-4718-9D61-3922DF181AF1}"
EndProject
Project("{9A19103F-16F7-4668-BE54-9A1E7A4F7556}") = "Exercice2", "Exercice2\Exercice2.csproj", "{7577ADE8-24C0-4777-9973-DB7FDBFA32C5}"
EndProject
Project("{FAE04EC0-301F-11D3-BF4B-00C04F79EFBC}") = "Exercice3", "Exercice3\Exercice3.csproj", "{8EBD22F3-3D8A-4D3C-A9A2-3F1A7715B492}"
EndProject
Project("{FAE04EC0-301F-11D3-BF4B-00C04F79EFBC}") = "Exercice4", "Exercice4\Exercice4.csproj", "{E4A0D447-14FE-4F33-BE4E-1012ED84874D}"
EndProject
Global
	GlobalSection(SolutionConfigurationPlatforms) = preSolution
		Debug|Any CPU = Debug|Any CPU
		Release|Any CPU = Release|Any CPU
	EndGlobalSection
	GlobalSection(ProjectConfigurationPlatforms) = postSolution
		{CCDEE397-9A21-4718-9D61-3922DF181AF1}.Debug|Any CPU.ActiveCfg = Debug|Any CPU
		{CCDEE397-9A21-4718-9D61-3922DF181AF1}.Debug|Any CPU.Build.0 = Debug|Any CPU
		{CCDEE397-9A21-4718-9D61-3922DF181AF1}.Release|Any CPU.ActiveCfg = Release|Any CPU
		{CCDEE397-9A21-4718-9D61-3922DF181AF1}.Release|Any CPU.Build.0 = Release|Any CPU
		{7577ADE8-24C0-4777-9973-DB7FDBFA32C5}.Debug|Any CPU.ActiveCfg = Debug|Any CPU
		{7577ADE8-24C0-4777-9973-DB7FDBFA32C5}.Debug|Any CPU.Build.0 = Debug|Any CPU
		{7577ADE8-24C0-4777-9973-DB7FDBFA32C5}.Release|Any CPU.ActiveCfg = Release|Any CPU
		{7577ADE8-24C0-4777-9973-DB7FDBFA32C5}.Release|Any CPU.Build.0 = Release|Any CPU
		{8EBD22F3-3D8A-4D3C-A9A2-3F1A7715B492}.Debug|Any CPU.ActiveCfg = Debug|Any CPU
		{8EBD22F3-3D8A-4D3C-A9A2-3F1A7715B492}.Debug|Any CPU.Build.0 = Debug|Any CPU
		{8EBD22F3-3D8A-4D3C-A9A2-3F1A7715B492}.Release|Any CPU.ActiveCfg = Release|Any CPU
		{8EBD22F3-3D8A-4D3C-A9A2-3F1A7715B492}.Release|Any CPU.Build.0 = Release|Any CPU
		{E4A0D447-14FE-4F33-BE4E-1012ED84874D}.Debug|Any CPU.ActiveCfg = Debug|Any CPU
		{E4A0D447-14FE-4F33-BE4E-1012ED84874D}.Debug|Any CPU.Build.0 = Debug|Any CPU
		{E4A0D447-14FE-4F33-BE4E-1012ED84874D}.Release|Any CPU.ActiveCfg = Release|Any CPU
		{E4A0D447-14FE-4F33-BE4E-1012ED84874D}.Release|Any CPU.Build.0 = Release|Any CPU
	EndGlobalSection
	GlobalSection(SolutionProperties) = preSolution
		HideSolutionNode = FALSE
	EndGlobalSection
	GlobalSection(ExtensibilityGlobals) = postSolution
		SolutionGuid = {96D5AC4C-6C82-4846-8762-993F981828BD}
	EndGlobalSection
EndGlobal
